
Microsoft Visual Studio Solution File, Format Version 12.00
# Visual Studio Version 16
VisualStudioVersion = 16.0.30011.22
MinimumVisualStudioVersion = 10.0.40219.1
Project("{FAE04EC0-301F-11D3-BF4B-00C04F79EFBC}") = "62686694", "62686694\62686694.csproj", "{519EF1FC-350A-43E9-9A1A-F0C47E86C732}"
EndProject
Global
	GlobalSection(SolutionConfigurationPlatforms) = preSolution
		Debug|Any CPU = Debug|Any CPU
		Release|Any CPU = Release|Any CPU
	EndGlobalSection
	GlobalSection(ProjectConfigurationPlatforms) = postSolution
		{519EF1FC-350A-43E9-9A1A-F0C47E86C732}.Debug|Any CPU.ActiveCfg = Debug|Any CPU
		{519EF1FC-350A-43E9-9A1A-F0C47E86C732}.Debug|Any CPU.Build.0 = Debug|Any CPU
		{519EF1FC-350A-43E9-9A1A-F0C47E86C732}.Release|Any CPU.ActiveCfg = Release|Any CPU
		{519EF1FC-350A-43E9-9A1A-F0C47E86C732}.Release|Any CPU.Build.0 = Release|Any CPU
	EndGlobalSection
	GlobalSection(SolutionProperties) = preSolution
		HideSolutionNode = FALSE
	EndGlobalSection
	GlobalSection(ExtensibilityGlobals) = postSolution
		SolutionGuid = {656CCFD5-53E1-426A-A455-7CADB247485A}
	EndGlobalSection
EndGlobal
